<?xml version="1.0" encoding="utf-8"?>
<Project ToolsVersion="4.0" xmlns="http://schemas.microsoft.com/developer/msbuild/2003">
  <ItemGroup>
    <Filter Include="Components">
      <UniqueIdentifier>{adc58cec-5e59-4e8a-8d2d-481a0ab343c9}</UniqueIdentifier>
    </Filter>
    <Filter Include="Contents">
      <UniqueIdentifier>{5da4efc5-03cf-419e-b846-a078568a8e5e}</UniqueIdentifier>
    </Filter>
    <Filter Include="Core">
      <UniqueIdentifier>{57853b51-a539-4875-870d-0d5d06337288}</UniqueIdentifier>
    </Filter>
    <Filter Include="Shaders">
      <UniqueIdentifier>{000123ce-05bc-4526-922c-51d022a347c9}</UniqueIdentifier>
    </Filter>
    <Filter Include="Util">
      <UniqueIdentifier>{00ba03c6-7238-4329-beaf-ffb606ab56d6}</UniqueIdentifier>
    </Filter>
  </ItemGroup>
  <ItemGroup>
    <ClInclude Include="Components\BoxCollider.h">
      <Filter>Components</Filter>
    </ClInclude>
    <ClInclude Include="Components\Collider.h">
      <Filter>Components</Filter>
    </ClInclude>
    <ClInclude Include="Components\Component.h">
      <Filter>Components</Filter>
    </ClInclude>
    <ClInclude Include="Components\Transform.h">
      <Filter>Components</Filter>
    </ClInclude>
    <ClInclude Include="Contents\MainScene.h">
      <Filter>Contents</Filter>
    </ClInclude>
    <ClInclude Include="Core\Bitmap.h">
      <Filter>Core</Filter>
    </ClInclude>
    <ClInclude Include="Core\Camera.h">
      <Filter>Core</Filter>
    </ClInclude>
    <ClInclude Include="Core\CPUManager.h">
      <Filter>Core</Filter>
    </ClInclude>
    <ClInclude Include="Core\Direct3D.h">
      <Filter>Core</Filter>
    </ClInclude>
    <ClInclude Include="Core\Font.h">
      <Filter>Core</Filter>
    </ClInclude>
    <ClInclude Include="Core\FPSManager.h">
      <Filter>Core</Filter>
    </ClInclude>
    <ClInclude Include="Core\GameObject.h">
      <Filter>Core</Filter>
    </ClInclude>
    <ClInclude Include="Core\InputManager.h">
      <Filter>Core</Filter>
    </ClInclude>
    <ClInclude Include="Core\Light.h">
      <Filter>Core</Filter>
    </ClInclude>
    <ClInclude Include="Core\Model.h">
      <Filter>Core</Filter>
    </ClInclude>
    <ClInclude Include="Core\Scene.h">
      <Filter>Core</Filter>
    </ClInclude>
    <ClInclude Include="Core\SkyBox.h">
      <Filter>Core</Filter>
    </ClInclude>
    <ClInclude Include="Core\System.h">
      <Filter>Core</Filter>
    </ClInclude>
    <ClInclude Include="Core\Text.h">
      <Filter>Core</Filter>
    </ClInclude>
    <ClInclude Include="Core\Texture.h">
      <Filter>Core</Filter>
    </ClInclude>
    <ClInclude Include="Core\Timer.h">
      <Filter>Core</Filter>
    </ClInclude>
    <ClInclude Include="Util\Type.h">
      <Filter>Util</Filter>
    </ClInclude>
    <ClInclude Include="stdafx.h" />
    <ClInclude Include="Shaders\FontShader.h">
      <Filter>Shaders</Filter>
    </ClInclude>
    <ClInclude Include="Shaders\ShaderManager.h">
      <Filter>Shaders</Filter>
    </ClInclude>
    <ClInclude Include="Shaders\TextureShader.h">
      <Filter>Shaders</Filter>
    </ClInclude>
    <ClInclude Include="Contents\EnemyController.h">
      <Filter>Contents</Filter>
    </ClInclude>
    <ClInclude Include="Contents\PlayerController.h">
      <Filter>Contents</Filter>
    </ClInclude>
    <ClInclude Include="Contents\BounceBall.h">
      <Filter>Contents</Filter>
    </ClInclude>
    <ClInclude Include="Core\Sound.h">
      <Filter>Core</Filter>
    </ClInclude>
    <ClInclude Include="Shaders\PointLightShader.h">
      <Filter>Shaders</Filter>
    </ClInclude>
    <ClInclude Include="Shaders\DirectionalLightShader.h">
      <Filter>Shaders</Filter>
    </ClInclude>
    <ClInclude Include="Contents\WallController.h">
      <Filter>Contents</Filter>
    </ClInclude>
  </ItemGroup>
  <ItemGroup>
    <ClCompile Include="Components\BoxCollider.cpp">
      <Filter>Components</Filter>
    </ClCompile>
    <ClCompile Include="Components\Collider.cpp">
      <Filter>Components</Filter>
    </ClCompile>
    <ClCompile Include="Components\Component.cpp">
      <Filter>Components</Filter>
    </ClCompile>
    <ClCompile Include="Components\Transform.cpp">
      <Filter>Components</Filter>
    </ClCompile>
    <ClCompile Include="Contents\MainScene.cpp">
      <Filter>Contents</Filter>
    </ClCompile>
    <ClCompile Include="Core\Bitmap.cpp">
      <Filter>Core</Filter>
    </ClCompile>
    <ClCompile Include="Core\Camera.cpp">
      <Filter>Core</Filter>
    </ClCompile>
    <ClCompile Include="Core\CPUManager.cpp">
      <Filter>Core</Filter>
    </ClCompile>
    <ClCompile Include="Core\Direct3D.cpp">
      <Filter>Core</Filter>
    </ClCompile>
    <ClCompile Include="Core\Font.cpp">
      <Filter>Core</Filter>
    </ClCompile>
    <ClCompile Include="Core\FPSManager.cpp">
      <Filter>Core</Filter>
    </ClCompile>
    <ClCompile Include="Core\GameObject.cpp">
      <Filter>Core</Filter>
    </ClCompile>
    <ClCompile Include="Core\InputManager.cpp">
      <Filter>Core</Filter>
    </ClCompile>
    <ClCompile Include="Core\Light.cpp">
      <Filter>Core</Filter>
    </ClCompile>
    <ClCompile Include="Core\Model.cpp">
      <Filter>Core</Filter>
    </ClCompile>
    <ClCompile Include="Core\Scene.cpp">
      <Filter>Core</Filter>
    </ClCompile>
    <ClCompile Include="Core\SkyBox.cpp">
      <Filter>Core</Filter>
    </ClCompile>
    <ClCompile Include="Core\System.cpp">
      <Filter>Core</Filter>
    </ClCompile>
    <ClCompile Include="Core\Text.cpp">
      <Filter>Core</Filter>
    </ClCompile>
    <ClCompile Include="Core\Texture.cpp">
      <Filter>Core</Filter>
    </ClCompile>
    <ClCompile Include="Core\Timer.cpp">
      <Filter>Core</Filter>
    </ClCompile>
    <ClCompile Include="stdafx.cpp" />
    <ClCompile Include="main.cpp" />
    <ClCompile Include="Shaders\FontShader.cpp">
      <Filter>Shaders</Filter>
    </ClCompile>
    <ClCompile Include="Shaders\ShaderManager.cpp">
      <Filter>Shaders</Filter>
    </ClCompile>
    <ClCompile Include="Shaders\TextureShader.cpp">
      <Filter>Shaders</Filter>
    </ClCompile>
    <ClCompile Include="Contents\EnemyController.cpp">
      <Filter>Contents</Filter>
    </ClCompile>
    <ClCompile Include="Contents\PlayerController.cpp">
      <Filter>Contents</Filter>
    </ClCompile>
    <ClCompile Include="Contents\BounceBall.cpp">
      <Filter>Contents</Filter>
    </ClCompile>
    <ClCompile Include="Core\Sound.cpp">
      <Filter>Core</Filter>
    </ClCompile>
    <ClCompile Include="Shaders\PointLightShader.cpp">
      <Filter>Shaders</Filter>
    </ClCompile>
    <ClCompile Include="Shaders\DirectionalLightShader.cpp">
      <Filter>Shaders</Filter>
    </ClCompile>
    <ClCompile Include="Contents\WallController.cpp">
      <Filter>Contents</Filter>
    </ClCompile>
  </ItemGroup>
  <ItemGroup>
    <None Include="font.ps" />
    <None Include="font.vs" />
    <None Include="light.ps" />
    <None Include="light.vs" />
    <None Include="texture.ps" />
    <None Include="texture.vs" />
    <None Include="pointLight.ps" />
    <None Include="pointLight.vs" />
  </ItemGroup>
</Project>